
Microsoft Visual Studio Solution File, Format Version 12.00
# Visual Studio 2012
Project("{930C7802-8A8C-48F9-8165-68863BCCD9DD}") = "DllCAExample", "DllCAExample\DllCAExample.wixproj", "{E10DCBBB-60D7-46C6-9E18-ED91F7F5E9B9}"
	ProjectSection(ProjectDependencies) = postProject
		{30024B0E-E367-42A5-B31D-EF6170C81A1E} = {30024B0E-E367-42A5-B31D-EF6170C81A1E}
	EndProjectSection
EndProject
Project("{FAE04EC0-301F-11D3-BF4B-00C04F79EFBC}") = "MyCustomAction", "MyCustomAction\MyCustomAction.csproj", "{30024B0E-E367-42A5-B31D-EF6170C81A1E}"
EndProject
Global
	GlobalSection(SolutionConfigurationPlatforms) = preSolution
		Debug|x86 = Debug|x86
		Release|x86 = Release|x86
	EndGlobalSection
	GlobalSection(ProjectConfigurationPlatforms) = postSolution
		{E10DCBBB-60D7-46C6-9E18-ED91F7F5E9B9}.Debug|x86.ActiveCfg = Debug|x86
		{E10DCBBB-60D7-46C6-9E18-ED91F7F5E9B9}.Debug|x86.Build.0 = Debug|x86
		{E10DCBBB-60D7-46C6-9E18-ED91F7F5E9B9}.Release|x86.ActiveCfg = Release|x86
		{E10DCBBB-60D7-46C6-9E18-ED91F7F5E9B9}.Release|x86.Build.0 = Release|x86
		{30024B0E-E367-42A5-B31D-EF6170C81A1E}.Debug|x86.ActiveCfg = Debug|x86
		{30024B0E-E367-42A5-B31D-EF6170C81A1E}.Debug|x86.Build.0 = Debug|x86
		{30024B0E-E367-42A5-B31D-EF6170C81A1E}.Release|x86.ActiveCfg = Release|x86
		{30024B0E-E367-42A5-B31D-EF6170C81A1E}.Release|x86.Build.0 = Release|x86
	EndGlobalSection
	GlobalSection(SolutionProperties) = preSolution
		HideSolutionNode = FALSE
	EndGlobalSection
EndGlobal
