
Microsoft Visual Studio Solution File, Format Version 12.00
# Visual Studio 2012
Project("{930C7802-8A8C-48F9-8165-68863BCCD9DD}") = "FilePermissionsExample", "FilePermissionsExample\FilePermissionsExample.wixproj", "{3B92042A-11E2-48AD-A77C-2FD5F6413297}"
EndProject
Global
	GlobalSection(SolutionConfigurationPlatforms) = preSolution
		Debug|x86 = Debug|x86
		Release|x86 = Release|x86
	EndGlobalSection
	GlobalSection(ProjectConfigurationPlatforms) = postSolution
		{3B92042A-11E2-48AD-A77C-2FD5F6413297}.Debug|x86.ActiveCfg = Debug|x86
		{3B92042A-11E2-48AD-A77C-2FD5F6413297}.Debug|x86.Build.0 = Debug|x86
		{3B92042A-11E2-48AD-A77C-2FD5F6413297}.Release|x86.ActiveCfg = Release|x86
		{3B92042A-11E2-48AD-A77C-2FD5F6413297}.Release|x86.Build.0 = Release|x86
	EndGlobalSection
	GlobalSection(SolutionProperties) = preSolution
		HideSolutionNode = FALSE
	EndGlobalSection
EndGlobal
