
Microsoft Visual Studio Solution File, Format Version 12.00
# Visual Studio 2012
Project("{FAE04EC0-301F-11D3-BF4B-00C04F79EFBC}") = "AwesomeExtension", "AwesomeExtension\AwesomeExtension.csproj", "{F81669E2-9B49-4118-B23C-0D7D221532B2}"
	ProjectSection(ProjectDependencies) = postProject
		{970AD602-0EAD-4B9C-9839-07E879FBC885} = {970AD602-0EAD-4B9C-9839-07E879FBC885}
	EndProjectSection
EndProject
Project("{930C7802-8A8C-48F9-8165-68863BCCD9DD}") = "AwesomeLibrary", "AwesomeLibrary\AwesomeLibrary.wixproj", "{970AD602-0EAD-4B9C-9839-07E879FBC885}"
	ProjectSection(ProjectDependencies) = postProject
		{B9369DD1-7E9B-4F87-8861-76DF7D3A1600} = {B9369DD1-7E9B-4F87-8861-76DF7D3A1600}
	EndProjectSection
EndProject
Project("{FAE04EC0-301F-11D3-BF4B-00C04F79EFBC}") = "SuperElementActions", "SuperElementActions\SuperElementActions.csproj", "{B9369DD1-7E9B-4F87-8861-76DF7D3A1600}"
EndProject
Global
	GlobalSection(SolutionConfigurationPlatforms) = preSolution
		Debug|Any CPU = Debug|Any CPU
		Debug|Mixed Platforms = Debug|Mixed Platforms
		Debug|x86 = Debug|x86
		Release|Any CPU = Release|Any CPU
		Release|Mixed Platforms = Release|Mixed Platforms
		Release|x86 = Release|x86
	EndGlobalSection
	GlobalSection(ProjectConfigurationPlatforms) = postSolution
		{F81669E2-9B49-4118-B23C-0D7D221532B2}.Debug|Any CPU.ActiveCfg = Debug|Any CPU
		{F81669E2-9B49-4118-B23C-0D7D221532B2}.Debug|Any CPU.Build.0 = Debug|Any CPU
		{F81669E2-9B49-4118-B23C-0D7D221532B2}.Debug|Mixed Platforms.ActiveCfg = Debug|Any CPU
		{F81669E2-9B49-4118-B23C-0D7D221532B2}.Debug|Mixed Platforms.Build.0 = Debug|Any CPU
		{F81669E2-9B49-4118-B23C-0D7D221532B2}.Debug|x86.ActiveCfg = Debug|Any CPU
		{F81669E2-9B49-4118-B23C-0D7D221532B2}.Release|Any CPU.ActiveCfg = Release|Any CPU
		{F81669E2-9B49-4118-B23C-0D7D221532B2}.Release|Any CPU.Build.0 = Release|Any CPU
		{F81669E2-9B49-4118-B23C-0D7D221532B2}.Release|Mixed Platforms.ActiveCfg = Release|Any CPU
		{F81669E2-9B49-4118-B23C-0D7D221532B2}.Release|Mixed Platforms.Build.0 = Release|Any CPU
		{F81669E2-9B49-4118-B23C-0D7D221532B2}.Release|x86.ActiveCfg = Release|Any CPU
		{970AD602-0EAD-4B9C-9839-07E879FBC885}.Debug|Any CPU.ActiveCfg = Debug|x86
		{970AD602-0EAD-4B9C-9839-07E879FBC885}.Debug|Mixed Platforms.ActiveCfg = Debug|x86
		{970AD602-0EAD-4B9C-9839-07E879FBC885}.Debug|Mixed Platforms.Build.0 = Debug|x86
		{970AD602-0EAD-4B9C-9839-07E879FBC885}.Debug|x86.ActiveCfg = Debug|x86
		{970AD602-0EAD-4B9C-9839-07E879FBC885}.Debug|x86.Build.0 = Debug|x86
		{970AD602-0EAD-4B9C-9839-07E879FBC885}.Release|Any CPU.ActiveCfg = Release|x86
		{970AD602-0EAD-4B9C-9839-07E879FBC885}.Release|Mixed Platforms.ActiveCfg = Release|x86
		{970AD602-0EAD-4B9C-9839-07E879FBC885}.Release|Mixed Platforms.Build.0 = Release|x86
		{970AD602-0EAD-4B9C-9839-07E879FBC885}.Release|x86.ActiveCfg = Release|x86
		{970AD602-0EAD-4B9C-9839-07E879FBC885}.Release|x86.Build.0 = Release|x86
		{B9369DD1-7E9B-4F87-8861-76DF7D3A1600}.Debug|Any CPU.ActiveCfg = Debug|x86
		{B9369DD1-7E9B-4F87-8861-76DF7D3A1600}.Debug|Mixed Platforms.ActiveCfg = Debug|x86
		{B9369DD1-7E9B-4F87-8861-76DF7D3A1600}.Debug|Mixed Platforms.Build.0 = Debug|x86
		{B9369DD1-7E9B-4F87-8861-76DF7D3A1600}.Debug|x86.ActiveCfg = Debug|x86
		{B9369DD1-7E9B-4F87-8861-76DF7D3A1600}.Debug|x86.Build.0 = Debug|x86
		{B9369DD1-7E9B-4F87-8861-76DF7D3A1600}.Release|Any CPU.ActiveCfg = Release|x86
		{B9369DD1-7E9B-4F87-8861-76DF7D3A1600}.Release|Mixed Platforms.ActiveCfg = Release|x86
		{B9369DD1-7E9B-4F87-8861-76DF7D3A1600}.Release|Mixed Platforms.Build.0 = Release|x86
		{B9369DD1-7E9B-4F87-8861-76DF7D3A1600}.Release|x86.ActiveCfg = Release|x86
		{B9369DD1-7E9B-4F87-8861-76DF7D3A1600}.Release|x86.Build.0 = Release|x86
	EndGlobalSection
	GlobalSection(SolutionProperties) = preSolution
		HideSolutionNode = FALSE
	EndGlobalSection
EndGlobal
