
Microsoft Visual Studio Solution File, Format Version 12.00
# Visual Studio 2012
Project("{930C7802-8A8C-48F9-8165-68863BCCD9DD}") = "ExecutableCAExample", "ExecutableCAExample\ExecutableCAExample.wixproj", "{AF8FA573-3E8E-44AB-B6DC-21928011BF45}"
	ProjectSection(ProjectDependencies) = postProject
		{51E0993D-22FC-4030-B6F0-BB05A0A6CA5D} = {51E0993D-22FC-4030-B6F0-BB05A0A6CA5D}
	EndProjectSection
EndProject
Project("{FAE04EC0-301F-11D3-BF4B-00C04F79EFBC}") = "MyProgram", "MyProgram\MyProgram.csproj", "{51E0993D-22FC-4030-B6F0-BB05A0A6CA5D}"
EndProject
Global
	GlobalSection(SolutionConfigurationPlatforms) = preSolution
		Debug|Any CPU = Debug|Any CPU
		Debug|Mixed Platforms = Debug|Mixed Platforms
		Debug|x86 = Debug|x86
		Release|Any CPU = Release|Any CPU
		Release|Mixed Platforms = Release|Mixed Platforms
		Release|x86 = Release|x86
	EndGlobalSection
	GlobalSection(ProjectConfigurationPlatforms) = postSolution
		{AF8FA573-3E8E-44AB-B6DC-21928011BF45}.Debug|Any CPU.ActiveCfg = Debug|x86
		{AF8FA573-3E8E-44AB-B6DC-21928011BF45}.Debug|Mixed Platforms.ActiveCfg = Debug|x86
		{AF8FA573-3E8E-44AB-B6DC-21928011BF45}.Debug|Mixed Platforms.Build.0 = Debug|x86
		{AF8FA573-3E8E-44AB-B6DC-21928011BF45}.Debug|x86.ActiveCfg = Debug|x86
		{AF8FA573-3E8E-44AB-B6DC-21928011BF45}.Debug|x86.Build.0 = Debug|x86
		{AF8FA573-3E8E-44AB-B6DC-21928011BF45}.Release|Any CPU.ActiveCfg = Release|x86
		{AF8FA573-3E8E-44AB-B6DC-21928011BF45}.Release|Mixed Platforms.ActiveCfg = Release|x86
		{AF8FA573-3E8E-44AB-B6DC-21928011BF45}.Release|Mixed Platforms.Build.0 = Release|x86
		{AF8FA573-3E8E-44AB-B6DC-21928011BF45}.Release|x86.ActiveCfg = Release|x86
		{AF8FA573-3E8E-44AB-B6DC-21928011BF45}.Release|x86.Build.0 = Release|x86
		{51E0993D-22FC-4030-B6F0-BB05A0A6CA5D}.Debug|Any CPU.ActiveCfg = Debug|Any CPU
		{51E0993D-22FC-4030-B6F0-BB05A0A6CA5D}.Debug|Any CPU.Build.0 = Debug|Any CPU
		{51E0993D-22FC-4030-B6F0-BB05A0A6CA5D}.Debug|Mixed Platforms.ActiveCfg = Debug|Any CPU
		{51E0993D-22FC-4030-B6F0-BB05A0A6CA5D}.Debug|Mixed Platforms.Build.0 = Debug|Any CPU
		{51E0993D-22FC-4030-B6F0-BB05A0A6CA5D}.Debug|x86.ActiveCfg = Debug|Any CPU
		{51E0993D-22FC-4030-B6F0-BB05A0A6CA5D}.Release|Any CPU.ActiveCfg = Release|Any CPU
		{51E0993D-22FC-4030-B6F0-BB05A0A6CA5D}.Release|Any CPU.Build.0 = Release|Any CPU
		{51E0993D-22FC-4030-B6F0-BB05A0A6CA5D}.Release|Mixed Platforms.ActiveCfg = Release|Any CPU
		{51E0993D-22FC-4030-B6F0-BB05A0A6CA5D}.Release|Mixed Platforms.Build.0 = Release|Any CPU
		{51E0993D-22FC-4030-B6F0-BB05A0A6CA5D}.Release|x86.ActiveCfg = Release|Any CPU
	EndGlobalSection
	GlobalSection(SolutionProperties) = preSolution
		HideSolutionNode = FALSE
	EndGlobalSection
EndGlobal
