
Microsoft Visual Studio Solution File, Format Version 12.00
# Visual Studio 2012
Project("{FAE04EC0-301F-11D3-BF4B-00C04F79EFBC}") = "MyPreprocesserExtension", "MyPreprocesserExtension.csproj", "{BEBAEDD9-8FF1-4DB2-BD02-BC4A7311CF3A}"
EndProject
Global
	GlobalSection(SolutionConfigurationPlatforms) = preSolution
		Debug|Any CPU = Debug|Any CPU
		Release|Any CPU = Release|Any CPU
	EndGlobalSection
	GlobalSection(ProjectConfigurationPlatforms) = postSolution
		{BEBAEDD9-8FF1-4DB2-BD02-BC4A7311CF3A}.Debug|Any CPU.ActiveCfg = Debug|Any CPU
		{BEBAEDD9-8FF1-4DB2-BD02-BC4A7311CF3A}.Debug|Any CPU.Build.0 = Debug|Any CPU
		{BEBAEDD9-8FF1-4DB2-BD02-BC4A7311CF3A}.Release|Any CPU.ActiveCfg = Release|Any CPU
		{BEBAEDD9-8FF1-4DB2-BD02-BC4A7311CF3A}.Release|Any CPU.Build.0 = Release|Any CPU
	EndGlobalSection
	GlobalSection(SolutionProperties) = preSolution
		HideSolutionNode = FALSE
	EndGlobalSection
EndGlobal
